
Microsoft Visual Studio Solution File, Format Version 9.00
# Visual Studio 2005
Project("{8BC9CEB8-8B4A-11D0-8D11-00A0C91BC942}") = "ComputerIdentityCtrl", "ComputerIdentityCtrl.vcproj", "{DF6F3EBA-4DDC-484D-9372-B9D3F40066C0}"
EndProject
Project("{8BC9CEB8-8B4A-11D0-8D11-00A0C91BC942}") = "ComputerIdentityCtrlPS", "ComputerIdentityCtrlPS.vcproj", "{CCED0817-8A95-4A4E-B4A3-C19336B4D553}"
	ProjectSection(ProjectDependencies) = postProject
		{DF6F3EBA-4DDC-484D-9372-B9D3F40066C0} = {DF6F3EBA-4DDC-484D-9372-B9D3F40066C0}
	EndProjectSection
EndProject
Global
	GlobalSection(SolutionConfigurationPlatforms) = preSolution
		Debug|Win32 = Debug|Win32
		Release|Win32 = Release|Win32
	EndGlobalSection
	GlobalSection(ProjectConfigurationPlatforms) = postSolution
		{DF6F3EBA-4DDC-484D-9372-B9D3F40066C0}.Debug|Win32.ActiveCfg = Debug|Win32
		{DF6F3EBA-4DDC-484D-9372-B9D3F40066C0}.Debug|Win32.Build.0 = Debug|Win32
		{DF6F3EBA-4DDC-484D-9372-B9D3F40066C0}.Release|Win32.ActiveCfg = Release|Win32
		{DF6F3EBA-4DDC-484D-9372-B9D3F40066C0}.Release|Win32.Build.0 = Release|Win32
		{CCED0817-8A95-4A4E-B4A3-C19336B4D553}.Debug|Win32.ActiveCfg = Debug|Win32
		{CCED0817-8A95-4A4E-B4A3-C19336B4D553}.Release|Win32.ActiveCfg = Release|Win32
	EndGlobalSection
	GlobalSection(SolutionProperties) = preSolution
		HideSolutionNode = FALSE
	EndGlobalSection
EndGlobal
